
Microsoft Visual Studio Solution File, Format Version 12.00
# Visual Studio Version 16
VisualStudioVersion = 16.0.30804.86
MinimumVisualStudioVersion = 10.0.40219.1
Project("{FAE04EC0-301F-11D3-BF4B-00C04F79EFBC}") = "smms-uploader", "smms-uploader.csproj", "{FBB0D09C-2CED-4B05-B5E8-C90C4BFCDFDF}"
EndProject
Global
	GlobalSection(SolutionConfigurationPlatforms) = preSolution
		Debug|Any CPU = Debug|Any CPU
		Release|Any CPU = Release|Any CPU
	EndGlobalSection
	GlobalSection(ProjectConfigurationPlatforms) = postSolution
		{FBB0D09C-2CED-4B05-B5E8-C90C4BFCDFDF}.Debug|Any CPU.ActiveCfg = Debug|Any CPU
		{FBB0D09C-2CED-4B05-B5E8-C90C4BFCDFDF}.Debug|Any CPU.Build.0 = Debug|Any CPU
		{FBB0D09C-2CED-4B05-B5E8-C90C4BFCDFDF}.Release|Any CPU.ActiveCfg = Release|Any CPU
		{FBB0D09C-2CED-4B05-B5E8-C90C4BFCDFDF}.Release|Any CPU.Build.0 = Release|Any CPU
	EndGlobalSection
	GlobalSection(SolutionProperties) = preSolution
		HideSolutionNode = FALSE
	EndGlobalSection
	GlobalSection(ExtensibilityGlobals) = postSolution
		SolutionGuid = {2F5E55A6-C0BD-4BA7-ACFA-52D820D02266}
	EndGlobalSection
EndGlobal
